PODS:
  - FlutterMacOS (1.0.0)
  - ua_client_hints (1.7.0):
    - FlutterMacOS

DEPENDENCIES:
  - FlutterMacOS (from `Flutter/ephemeral`)
  - ua_client_hints (from `Flutter/ephemeral/.symlinks/plugins/ua_client_hints/macos`)

EXTERNAL SOURCES:
  FlutterMacOS:
    :path: Flutter/ephemeral
  ua_client_hints:
    :path: Flutter/ephemeral/.symlinks/plugins/ua_client_hints/macos

SPEC CHECKSUMS:
  FlutterMacOS: d0db08ddef1a9af05a5ec4b724367152bb0500b1
  ua_client_hints: bb84da85d9d5d605d40598b3c1ae3bfd2598e201

PODFILE CHECKSUM: bac2186806ea901d391c664c7bfc8ccce0ee7cb7

COCOAPODS: 1.17.0
